{
  "requires": true,
  "lockfileVersion": 1,
  "dependencies": {
    "angular-cookie": {
      "version": "4.1.0",
      "resolved": "https://registry.npmjs.org/angular-cookie/-/angular-cookie-4.1.0.tgz",
      "integrity": "sha1-bfxeGHODfiSVluXATVoavYWwpqU="
    },
    "angular2-cookie": {
      "version": "1.2.6",
      "resolved": "https://registry.npmjs.org/angular2-cookie/-/angular2-cookie-1.2.6.tgz",
      "integrity": "sha1-j6hFUx53etsEL+LzOcAED23b8J0="
    }
  }
}
